// !$*UTF8*$!
{
	archiveVersion = 1;
	classes = {
	};
	objectVersion = 55;
	objects = {

/* Begin PBXBuildFile section */
		7B241A1427AC1D8800F07F52 /* AppDelegate.swift in Sources */ = {isa = PBXBuildFile; fileRef = 7B241A1327AC1D8800F07F52 /* AppDelegate.swift */; };
		7B241A1627AC1D8800F07F52 /* SceneDelegate.swift in Sources */ = {isa = PBXBuildFile; fileRef = 7B241A1527AC1D8800F07F52 /* SceneDelegate.swift */; };
		7B241A1827AC1D8800F07F52 /* HomePageViewController.swift in Sources */ = {isa = PBXBuildFile; fileRef = 7B241A1727AC1D8800F07F52 /* HomePageViewController.swift */; };
		7B241A1D27AC1D8B00F07F52 /* Assets.xcassets in Resources */ = {isa = PBXBuildFile; fileRef = 7B241A1C27AC1D8B00F07F52 /* Assets.xcassets */; };
		7B241A2027AC1D8B00F07F52 /* LaunchScreen.storyboard in Resources */ = {isa = PBXBuildFile; fileRef = 7B241A1E27AC1D8B00F07F52 /* LaunchScreen.storyboard */; };
		7B241A2E27AC1FBC00F07F52 /* Constants.swift in Sources */ = {isa = PBXBuildFile; fileRef = 7B241A2D27AC1FBC00F07F52 /* Constants.swift */; };
		7B241A3027B0F74E00F07F52 /* WeatherData.swift in Sources */ = {isa = PBXBuildFile; fileRef = 7B241A2F27B0F74E00F07F52 /* WeatherData.swift */; };
		7B241A3227B1027D00F07F52 /* NetworkManager.swift in Sources */ = {isa = PBXBuildFile; fileRef = 7B241A3127B1027D00F07F52 /* NetworkManager.swift */; };
		7B241A3427B1078700F07F52 /* CurrentWeather.swift in Sources */ = {isa = PBXBuildFile; fileRef = 7B241A3327B1078700F07F52 /* CurrentWeather.swift */; };
		7B241A3627B2876D00F07F52 /* MainPageViewController.swift in Sources */ = {isa = PBXBuildFile; fileRef = 7B241A3527B2876D00F07F52 /* MainPageViewController.swift */; };
		7B241A3B27B39D1F00F07F52 /* Hourly.swift in Sources */ = {isa = PBXBuildFile; fileRef = 7B241A3A27B39D1F00F07F52 /* Hourly.swift */; };
		7B241A3D27B3AD1300F07F52 /* DateManager.swift in Sources */ = {isa = PBXBuildFile; fileRef = 7B241A3C27B3AD1300F07F52 /* DateManager.swift */; };
		7B241A4027B3EDFF00F07F52 /* CurrentWeatherCell.swift in Sources */ = {isa = PBXBuildFile; fileRef = 7B241A3F27B3EDFF00F07F52 /* CurrentWeatherCell.swift */; };
		7B241A4227B3F57100F07F52 /* HourlyForecastCell.swift in Sources */ = {isa = PBXBuildFile; fileRef = 7B241A4127B3F57100F07F52 /* HourlyForecastCell.swift */; };
		7B241A4427B3F62900F07F52 /* DailyForecastCell.swift in Sources */ = {isa = PBXBuildFile; fileRef = 7B241A4327B3F62900F07F52 /* DailyForecastCell.swift */; };
		7B241A4627B4F2AC00F07F52 /* SelfConfiguringCell.swift in Sources */ = {isa = PBXBuildFile; fileRef = 7B241A4527B4F2AB00F07F52 /* SelfConfiguringCell.swift */; };
		7B241A4827B53D1E00F07F52 /* Daily.swift in Sources */ = {isa = PBXBuildFile; fileRef = 7B241A4727B53D1E00F07F52 /* Daily.swift */; };
		7B241A4A27B5560C00F07F52 /* StartPageViewController.swift in Sources */ = {isa = PBXBuildFile; fileRef = 7B241A4927B5560C00F07F52 /* StartPageViewController.swift */; };
		7B241A4C27B5716A00F07F52 /* Current.swift in Sources */ = {isa = PBXBuildFile; fileRef = 7B241A4B27B5716A00F07F52 /* Current.swift */; };
		7B241A4E27B676CF00F07F52 /* ViewController.swift in Sources */ = {isa = PBXBuildFile; fileRef = 7B241A4D27B676CF00F07F52 /* ViewController.swift */; };
		7B241A5027B6774B00F07F52 /* Bundle + Decodable.swift in Sources */ = {isa = PBXBuildFile; fileRef = 7B241A4F27B6774B00F07F52 /* Bundle + Decodable.swift */; };
		7B241A5327B6879800F07F52 /* Current + Extension.swift in Sources */ = {isa = PBXBuildFile; fileRef = 7B241A5227B6879800F07F52 /* Current + Extension.swift */; };
		7B241A5527B68A1B00F07F52 /* Daily + Extension.swift in Sources */ = {isa = PBXBuildFile; fileRef = 7B241A5427B68A1B00F07F52 /* Daily + Extension.swift */; };
		7B42473827BA6FB9009DDADE /* AlertJSON.json in Resources */ = {isa = PBXBuildFile; fileRef = 7B42473727BA6FB9009DDADE /* AlertJSON.json */; };
		7B42473A27BA73DE009DDADE /* CurrentJSON.json in Resources */ = {isa = PBXBuildFile; fileRef = 7B42473927BA73DD009DDADE /* CurrentJSON.json */; };
		7B42473C27BA7407009DDADE /* HourlyJSON.json in Resources */ = {isa = PBXBuildFile; fileRef = 7B42473B27BA7407009DDADE /* HourlyJSON.json */; };
		7B42473E27BA7419009DDADE /* DailyJSON.json in Resources */ = {isa = PBXBuildFile; fileRef = 7B42473D27BA7418009DDADE /* DailyJSON.json */; };
		7B42474027BAA8E3009DDADE /* Hourly + Extension.swift in Sources */ = {isa = PBXBuildFile; fileRef = 7B42473F27BAA8E3009DDADE /* Hourly + Extension.swift */; };
		7B42474227BBC396009DDADE /* BackgroundSupplementaryView.swift in Sources */ = {isa = PBXBuildFile; fileRef = 7B42474127BBC396009DDADE /* BackgroundSupplementaryView.swift */; };
		7B42474427BBE114009DDADE /* SectionHeader.swift in Sources */ = {isa = PBXBuildFile; fileRef = 7B42474327BBE114009DDADE /* SectionHeader.swift */; };
		7B42475027BFCDBB009DDADE /* AlertCell.swift in Sources */ = {isa = PBXBuildFile; fileRef = 7B42474F27BFCDBA009DDADE /* AlertCell.swift */; };
		7B42475227C3D47D009DDADE /* GlobalHeader.swift in Sources */ = {isa = PBXBuildFile; fileRef = 7B42475127C3D47D009DDADE /* GlobalHeader.swift */; };
		7B42475427C4E297009DDADE /* GlobalFooter.swift in Sources */ = {isa = PBXBuildFile; fileRef = 7B42475327C4E296009DDADE /* GlobalFooter.swift */; };
		7B42475627C51479009DDADE /* SunriseSunsetCell.swift in Sources */ = {isa = PBXBuildFile; fileRef = 7B42475527C51478009DDADE /* SunriseSunsetCell.swift */; };
/* End PBXBuildFile section */

/* Begin PBXFileReference section */
		7B241A1027AC1D8800F07F52 /* WeatherForecast.app */ = {isa = PBXFileReference; explicitFileType = wrapper.application; includeInIndex = 0; path = WeatherForecast.app; sourceTree = BUILT_PRODUCTS_DIR; };
		7B241A1327AC1D8800F07F52 /* AppDelegate.swift */ = {isa = PBXFileReference; lastKnownFileType = sourcecode.swift; path = AppDelegate.swift; sourceTree = "<group>"; };
		7B241A1527AC1D8800F07F52 /* SceneDelegate.swift */ = {isa = PBXFileReference; lastKnownFileType = sourcecode.swift; path = SceneDelegate.swift; sourceTree = "<group>"; };
		7B241A1727AC1D8800F07F52 /* HomePageViewController.swift */ = {isa = PBXFileReference; lastKnownFileType = sourcecode.swift; path = HomePageViewController.swift; sourceTree = "<group>"; };
		7B241A1C27AC1D8B00F07F52 /* Assets.xcassets */ = {isa = PBXFileReference; lastKnownFileType = folder.assetcatalog; path = Assets.xcassets; sourceTree = "<group>"; };
		7B241A1F27AC1D8B00F07F52 /* Base */ = {isa = PBXFileReference; lastKnownFileType = file.storyboard; name = Base; path = Base.lproj/LaunchScreen.storyboard; sourceTree = "<group>"; };
		7B241A2127AC1D8B00F07F52 /* Info.plist */ = {isa = PBXFileReference; lastKnownFileType = text.plist.xml; path = Info.plist; sourceTree = "<group>"; };
		7B241A2D27AC1FBC00F07F52 /* Constants.swift */ = {isa = PBXFileReference; lastKnownFileType = sourcecode.swift; path = Constants.swift; sourceTree = "<group>"; };
		7B241A2F27B0F74E00F07F52 /* WeatherData.swift */ = {isa = PBXFileReference; lastKnownFileType = sourcecode.swift; path = WeatherData.swift; sourceTree = "<group>"; };
		7B241A3127B1027D00F07F52 /* NetworkManager.swift */ = {isa = PBXFileReference; lastKnownFileType = sourcecode.swift; path = NetworkManager.swift; sourceTree = "<group>"; };
		7B241A3327B1078700F07F52 /* CurrentWeather.swift */ = {isa = PBXFileReference; lastKnownFileType = sourcecode.swift; path = CurrentWeather.swift; sourceTree = "<group>"; };
		7B241A3527B2876D00F07F52 /* MainPageViewController.swift */ = {isa = PBXFileReference; lastKnownFileType = sourcecode.swift; path = MainPageViewController.swift; sourceTree = "<group>"; };
		7B241A3A27B39D1F00F07F52 /* Hourly.swift */ = {isa = PBXFileReference; lastKnownFileType = sourcecode.swift; path = Hourly.swift; sourceTree = "<group>"; };
		7B241A3C27B3AD1300F07F52 /* DateManager.swift */ = {isa = PBXFileReference; lastKnownFileType = sourcecode.swift; path = DateManager.swift; sourceTree = "<group>"; };
		7B241A3F27B3EDFF00F07F52 /* CurrentWeatherCell.swift */ = {isa = PBXFileReference; lastKnownFileType = sourcecode.swift; path = CurrentWeatherCell.swift; sourceTree = "<group>"; };
		7B241A4127B3F57100F07F52 /* HourlyForecastCell.swift */ = {isa = PBXFileReference; lastKnownFileType = sourcecode.swift; path = HourlyForecastCell.swift; sourceTree = "<group>"; };
		7B241A4327B3F62900F07F52 /* DailyForecastCell.swift */ = {isa = PBXFileReference; lastKnownFileType = sourcecode.swift; path = DailyForecastCell.swift; sourceTree = "<group>"; };
		7B241A4527B4F2AB00F07F52 /* SelfConfiguringCell.swift */ = {isa = PBXFileReference; lastKnownFileType = sourcecode.swift; path = SelfConfiguringCell.swift; sourceTree = "<group>"; };
		7B241A4727B53D1E00F07F52 /* Daily.swift */ = {isa = PBXFileReference; lastKnownFileType = sourcecode.swift; path = Daily.swift; sourceTree = "<group>"; };
		7B241A4927B5560C00F07F52 /* StartPageViewController.swift */ = {isa = PBXFileReference; lastKnownFileType = sourcecode.swift; path = StartPageViewController.swift; sourceTree = "<group>"; };
		7B241A4B27B5716A00F07F52 /* Current.swift */ = {isa = PBXFileReference; lastKnownFileType = sourcecode.swift; path = Current.swift; sourceTree = "<group>"; };
		7B241A4D27B676CF00F07F52 /* ViewController.swift */ = {isa = PBXFileReference; lastKnownFileType = sourcecode.swift; path = ViewController.swift; sourceTree = "<group>"; };
		7B241A4F27B6774B00F07F52 /* Bundle + Decodable.swift */ = {isa = PBXFileReference; lastKnownFileType = sourcecode.swift; path = "Bundle + Decodable.swift"; sourceTree = "<group>"; };
		7B241A5227B6879800F07F52 /* Current + Extension.swift */ = {isa = PBXFileReference; lastKnownFileType = sourcecode.swift; path = "Current + Extension.swift"; sourceTree = "<group>"; };
		7B241A5427B68A1B00F07F52 /* Daily + Extension.swift */ = {isa = PBXFileReference; lastKnownFileType = sourcecode.swift; path = "Daily + Extension.swift"; sourceTree = "<group>"; };
		7B42473727BA6FB9009DDADE /* AlertJSON.json */ = {isa = PBXFileReference; lastKnownFileType = text.json; path = AlertJSON.json; sourceTree = "<group>"; };
		7B42473927BA73DD009DDADE /* CurrentJSON.json */ = {isa = PBXFileReference; lastKnownFileType = text.json; path = CurrentJSON.json; sourceTree = "<group>"; };
		7B42473B27BA7407009DDADE /* HourlyJSON.json */ = {isa = PBXFileReference; lastKnownFileType = text.json; path = HourlyJSON.json; sourceTree = "<group>"; };
		7B42473D27BA7418009DDADE /* DailyJSON.json */ = {isa = PBXFileReference; lastKnownFileType = text.json; path = DailyJSON.json; sourceTree = "<group>"; };
		7B42473F27BAA8E3009DDADE /* Hourly + Extension.swift */ = {isa = PBXFileReference; lastKnownFileType = sourcecode.swift; path = "Hourly + Extension.swift"; sourceTree = "<group>"; };
		7B42474127BBC396009DDADE /* BackgroundSupplementaryView.swift */ = {isa = PBXFileReference; lastKnownFileType = sourcecode.swift; path = BackgroundSupplementaryView.swift; sourceTree = "<group>"; };
		7B42474327BBE114009DDADE /* SectionHeader.swift */ = {isa = PBXFileReference; lastKnownFileType = sourcecode.swift; path = SectionHeader.swift; sourceTree = "<group>"; };
		7B42474F27BFCDBA009DDADE /* AlertCell.swift */ = {isa = PBXFileReference; lastKnownFileType = sourcecode.swift; path = AlertCell.swift; sourceTree = "<group>"; };
		7B42475127C3D47D009DDADE /* GlobalHeader.swift */ = {isa = PBXFileReference; lastKnownFileType = sourcecode.swift; path = GlobalHeader.swift; sourceTree = "<group>"; };
		7B42475327C4E296009DDADE /* GlobalFooter.swift */ = {isa = PBXFileReference; lastKnownFileType = sourcecode.swift; path = GlobalFooter.swift; sourceTree = "<group>"; };
		7B42475527C51478009DDADE /* SunriseSunsetCell.swift */ = {isa = PBXFileReference; lastKnownFileType = sourcecode.swift; path = SunriseSunsetCell.swift; sourceTree = "<group>"; };
/* End PBXFileReference section */

/* Begin PBXFrameworksBuildPhase section */
		7B241A0D27AC1D8800F07F52 /* Frameworks */ = {
			isa = PBXFrameworksBuildPhase;
			buildActionMask = 2147483647;
			files = (
			);
			runOnlyForDeploymentPostprocessing = 0;
		};
/* End PBXFrameworksBuildPhase section */

/* Begin PBXGroup section */
		7B241A0727AC1D8800F07F52 = {
			isa = PBXGroup;
			children = (
				7B241A1227AC1D8800F07F52 /* WeatherForecast */,
				7B241A1127AC1D8800F07F52 /* Products */,
			);
			sourceTree = "<group>";
		};
		7B241A1127AC1D8800F07F52 /* Products */ = {
			isa = PBXGroup;
			children = (
				7B241A1027AC1D8800F07F52 /* WeatherForecast.app */,
			);
			name = Products;
			sourceTree = "<group>";
		};
		7B241A1227AC1D8800F07F52 /* WeatherForecast */ = {
			isa = PBXGroup;
			children = (
				7B241A2727AC1DA000F07F52 /* ViewControllers */,
				7B241A2927AC1DC700F07F52 /* Models */,
				7B241A2827AC1DB300F07F52 /* Services */,
				7B241A2C27AC1F2B00F07F52 /* Storyboards */,
				7B241A2A27AC1DFE00F07F52 /* SupportingFiles */,
				7B241A2B27AC1E2800F07F52 /* Resources */,
				7B241A4F27B6774B00F07F52 /* Bundle + Decodable.swift */,
				7B42473727BA6FB9009DDADE /* AlertJSON.json */,
				7B42473927BA73DD009DDADE /* CurrentJSON.json */,
				7B42473B27BA7407009DDADE /* HourlyJSON.json */,
				7B42473D27BA7418009DDADE /* DailyJSON.json */,
			);
			path = WeatherForecast;
			sourceTree = "<group>";
		};
		7B241A2727AC1DA000F07F52 /* ViewControllers */ = {
			isa = PBXGroup;
			children = (
				7B241A1727AC1D8800F07F52 /* HomePageViewController.swift */,
				7B241A3527B2876D00F07F52 /* MainPageViewController.swift */,
				7B241A4927B5560C00F07F52 /* StartPageViewController.swift */,
				7B241A4D27B676CF00F07F52 /* ViewController.swift */,
				7B241A3E27B3ED9500F07F52 /* Views */,
			);
			path = ViewControllers;
			sourceTree = "<group>";
		};
		7B241A2827AC1DB300F07F52 /* Services */ = {
			isa = PBXGroup;
			children = (
				7B241A3127B1027D00F07F52 /* NetworkManager.swift */,
				7B241A3C27B3AD1300F07F52 /* DateManager.swift */,
			);
			path = Services;
			sourceTree = "<group>";
		};
		7B241A2927AC1DC700F07F52 /* Models */ = {
			isa = PBXGroup;
			children = (
				7B241A2F27B0F74E00F07F52 /* WeatherData.swift */,
				7B241A5227B6879800F07F52 /* Current + Extension.swift */,
				7B42473F27BAA8E3009DDADE /* Hourly + Extension.swift */,
				7B241A5427B68A1B00F07F52 /* Daily + Extension.swift */,
				7B241A5127B6876B00F07F52 /* Objects */,
			);
			path = Models;
			sourceTree = "<group>";
		};
		7B241A2A27AC1DFE00F07F52 /* SupportingFiles */ = {
			isa = PBXGroup;
			children = (
				7B241A2D27AC1FBC00F07F52 /* Constants.swift */,
				7B241A1327AC1D8800F07F52 /* AppDelegate.swift */,
				7B241A1527AC1D8800F07F52 /* SceneDelegate.swift */,
				7B241A2127AC1D8B00F07F52 /* Info.plist */,
			);
			path = SupportingFiles;
			sourceTree = "<group>";
		};
		7B241A2B27AC1E2800F07F52 /* Resources */ = {
			isa = PBXGroup;
			children = (
				7B241A1C27AC1D8B00F07F52 /* Assets.xcassets */,
			);
			path = Resources;
			sourceTree = "<group>";
		};
		7B241A2C27AC1F2B00F07F52 /* Storyboards */ = {
			isa = PBXGroup;
			children = (
				7B241A1E27AC1D8B00F07F52 /* LaunchScreen.storyboard */,
			);
			path = Storyboards;
			sourceTree = "<group>";
		};
		7B241A3E27B3ED9500F07F52 /* Views */ = {
			isa = PBXGroup;
			children = (
				7B42474F27BFCDBA009DDADE /* AlertCell.swift */,
				7B241A3F27B3EDFF00F07F52 /* CurrentWeatherCell.swift */,
				7B241A4127B3F57100F07F52 /* HourlyForecastCell.swift */,
				7B42475527C51478009DDADE /* SunriseSunsetCell.swift */,
				7B241A4327B3F62900F07F52 /* DailyForecastCell.swift */,
				7B241A4527B4F2AB00F07F52 /* SelfConfiguringCell.swift */,
				7B42474127BBC396009DDADE /* BackgroundSupplementaryView.swift */,
				7B42474327BBE114009DDADE /* SectionHeader.swift */,
				7B42475127C3D47D009DDADE /* GlobalHeader.swift */,
				7B42475327C4E296009DDADE /* GlobalFooter.swift */,
			);
			path = Views;
			sourceTree = "<group>";
		};
		7B241A5127B6876B00F07F52 /* Objects */ = {
			isa = PBXGroup;
			children = (
				7B241A3327B1078700F07F52 /* CurrentWeather.swift */,
				7B241A4B27B5716A00F07F52 /* Current.swift */,
				7B241A3A27B39D1F00F07F52 /* Hourly.swift */,
				7B241A4727B53D1E00F07F52 /* Daily.swift */,
			);
			path = Objects;
			sourceTree = "<group>";
		};
/* End PBXGroup section */

/* Begin PBXNativeTarget section */
		7B241A0F27AC1D8800F07F52 /* WeatherForecast */ = {
			isa = PBXNativeTarget;
			buildConfigurationList = 7B241A2427AC1D8B00F07F52 /* Build configuration list for PBXNativeTarget "WeatherForecast" */;
			buildPhases = (
				7B241A0C27AC1D8800F07F52 /* Sources */,
				7B241A0D27AC1D8800F07F52 /* Frameworks */,
				7B241A0E27AC1D8800F07F52 /* Resources */,
			);
			buildRules = (
			);
			dependencies = (
			);
			name = WeatherForecast;
			productName = WeatherForecast;
			productReference = 7B241A1027AC1D8800F07F52 /* WeatherForecast.app */;
			productType = "com.apple.product-type.application";
		};
/* End PBXNativeTarget section */

/* Begin PBXProject section */
		7B241A0827AC1D8800F07F52 /* Project object */ = {
			isa = PBXProject;
			attributes = {
				BuildIndependentTargetsInParallel = 1;
				LastSwiftUpdateCheck = 1320;
				LastUpgradeCheck = 1320;
				TargetAttributes = {
					7B241A0F27AC1D8800F07F52 = {
						CreatedOnToolsVersion = 13.2.1;
					};
				};
			};
			buildConfigurationList = 7B241A0B27AC1D8800F07F52 /* Build configuration list for PBXProject "WeatherForecast" */;
			compatibilityVersion = "Xcode 13.0";
			developmentRegion = en;
			hasScannedForEncodings = 0;
			knownRegions = (
				en,
				Base,
			);
			mainGroup = 7B241A0727AC1D8800F07F52;
			productRefGroup = 7B241A1127AC1D8800F07F52 /* Products */;
			projectDirPath = "";
			projectRoot = "";
			targets = (
				7B241A0F27AC1D8800F07F52 /* WeatherForecast */,
			);
		};
/* End PBXProject section */

/* Begin PBXResourcesBuildPhase section */
		7B241A0E27AC1D8800F07F52 /* Resources */ = {
			isa = PBXResourcesBuildPhase;
			buildActionMask = 2147483647;
			files = (
				7B241A2027AC1D8B00F07F52 /* LaunchScreen.storyboard in Resources */,
				7B42473E27BA7419009DDADE /* DailyJSON.json in Resources */,
				7B42473A27BA73DE009DDADE /* CurrentJSON.json in Resources */,
				7B241A1D27AC1D8B00F07F52 /* Assets.xcassets in Resources */,
				7B42473C27BA7407009DDADE /* HourlyJSON.json in Resources */,
				7B42473827BA6FB9009DDADE /* AlertJSON.json in Resources */,
			);
			runOnlyForDeploymentPostprocessing = 0;
		};
/* End PBXResourcesBuildPhase section */

/* Begin PBXSourcesBuildPhase section */
		7B241A0C27AC1D8800F07F52 /* Sources */ = {
			isa = PBXSourcesBuildPhase;
			buildActionMask = 2147483647;
			files = (
				7B42474027BAA8E3009DDADE /* Hourly + Extension.swift in Sources */,
				7B241A3627B2876D00F07F52 /* MainPageViewController.swift in Sources */,
				7B241A4C27B5716A00F07F52 /* Current.swift in Sources */,
				7B241A3227B1027D00F07F52 /* NetworkManager.swift in Sources */,
				7B241A5327B6879800F07F52 /* Current + Extension.swift in Sources */,
				7B241A4A27B5560C00F07F52 /* StartPageViewController.swift in Sources */,
				7B241A4027B3EDFF00F07F52 /* CurrentWeatherCell.swift in Sources */,
				7B241A1827AC1D8800F07F52 /* HomePageViewController.swift in Sources */,
				7B42474227BBC396009DDADE /* BackgroundSupplementaryView.swift in Sources */,
				7B42475627C51479009DDADE /* SunriseSunsetCell.swift in Sources */,
				7B42475227C3D47D009DDADE /* GlobalHeader.swift in Sources */,
				7B241A1427AC1D8800F07F52 /* AppDelegate.swift in Sources */,
				7B241A4227B3F57100F07F52 /* HourlyForecastCell.swift in Sources */,
				7B241A3B27B39D1F00F07F52 /* Hourly.swift in Sources */,
				7B241A4627B4F2AC00F07F52 /* SelfConfiguringCell.swift in Sources */,
				7B241A5527B68A1B00F07F52 /* Daily + Extension.swift in Sources */,
				7B241A3427B1078700F07F52 /* CurrentWeather.swift in Sources */,
				7B42475427C4E297009DDADE /* GlobalFooter.swift in Sources */,
				7B241A5027B6774B00F07F52 /* Bundle + Decodable.swift in Sources */,
				7B241A3027B0F74E00F07F52 /* WeatherData.swift in Sources */,
				7B241A4E27B676CF00F07F52 /* ViewController.swift in Sources */,
				7B241A1627AC1D8800F07F52 /* SceneDelegate.swift in Sources */,
				7B241A4827B53D1E00F07F52 /* Daily.swift in Sources */,
				7B42474427BBE114009DDADE /* SectionHeader.swift in Sources */,
				7B241A4427B3F62900F07F52 /* DailyForecastCell.swift in Sources */,
				7B241A3D27B3AD1300F07F52 /* DateManager.swift in Sources */,
				7B42475027BFCDBB009DDADE /* AlertCell.swift in Sources */,
				7B241A2E27AC1FBC00F07F52 /* Constants.swift in Sources */,
			);
			runOnlyForDeploymentPostprocessing = 0;
		};
/* End PBXSourcesBuildPhase section */

/* Begin PBXVariantGroup section */
		7B241A1E27AC1D8B00F07F52 /* LaunchScreen.storyboard */ = {
			isa = PBXVariantGroup;
			children = (
				7B241A1F27AC1D8B00F07F52 /* Base */,
			);
			name = LaunchScreen.storyboard;
			sourceTree = "<group>";
		};
/* End PBXVariantGroup section */

/* Begin XCBuildConfiguration section */
		7B241A2227AC1D8B00F07F52 /* Debug */ = {
			isa = XCBuildConfiguration;
			buildSettings = {
				ALWAYS_SEARCH_USER_PATHS = NO;
				CLANG_ANALYZER_NONNULL = YES;
				CLANG_ANALYZER_NUMBER_OBJECT_CONVERSION = YES_AGGRESSIVE;
				CLANG_CXX_LANGUAGE_STANDARD = "gnu++17";
				CLANG_CXX_LIBRARY = "libc++";
				CLANG_ENABLE_MODULES = YES;
				CLANG_ENABLE_OBJC_ARC = YES;
				CLANG_ENABLE_OBJC_WEAK = YES;
				CLANG_WARN_BLOCK_CAPTURE_AUTORELEASING = YES;
				CLANG_WARN_BOOL_CONVERSION = YES;
				CLANG_WARN_COMMA = YES;
				CLANG_WARN_CONSTANT_CONVERSION = YES;
				CLANG_WARN_DEPRECATED_OBJC_IMPLEMENTATIONS = YES;
				CLANG_WARN_DIRECT_OBJC_ISA_USAGE = YES_ERROR;
				CLANG_WARN_DOCUMENTATION_COMMENTS = YES;
				CLANG_WARN_EMPTY_BODY = YES;
				CLANG_WARN_ENUM_CONVERSION = YES;
				CLANG_WARN_INFINITE_RECURSION = YES;
				CLANG_WARN_INT_CONVERSION = YES;
				CLANG_WARN_NON_LITERAL_NULL_CONVERSION = YES;
				CLANG_WARN_OBJC_IMPLICIT_RETAIN_SELF = YES;
				CLANG_WARN_OBJC_LITERAL_CONVERSION = YES;
				CLANG_WARN_OBJC_ROOT_CLASS = YES_ERROR;
				CLANG_WARN_QUOTED_INCLUDE_IN_FRAMEWORK_HEADER = YES;
				CLANG_WARN_RANGE_LOOP_ANALYSIS = YES;
				CLANG_WARN_STRICT_PROTOTYPES = YES;
				CLANG_WARN_SUSPICIOUS_MOVE = YES;
				CLANG_WARN_UNGUARDED_AVAILABILITY = YES_AGGRESSIVE;
				CLANG_WARN_UNREACHABLE_CODE = YES;
				CLANG_WARN__DUPLICATE_METHOD_MATCH = YES;
				COPY_PHASE_STRIP = NO;
				DEBUG_INFORMATION_FORMAT = dwarf;
				ENABLE_STRICT_OBJC_MSGSEND = YES;
				ENABLE_TESTABILITY = YES;
				GCC_C_LANGUAGE_STANDARD = gnu11;
				GCC_DYNAMIC_NO_PIC = NO;
				GCC_NO_COMMON_BLOCKS = YES;
				GCC_OPTIMIZATION_LEVEL = 0;
				GCC_PREPROCESSOR_DEFINITIONS = (
					"DEBUG=1",
					"$(inherited)",
				);
				GCC_WARN_64_TO_32_BIT_CONVERSION = YES;
				GCC_WARN_ABOUT_RETURN_TYPE = YES_ERROR;
				GCC_WARN_UNDECLARED_SELECTOR = YES;
				GCC_WARN_UNINITIALIZED_AUTOS = YES_AGGRESSIVE;
				GCC_WARN_UNUSED_FUNCTION = YES;
				GCC_WARN_UNUSED_VARIABLE = YES;
				IPHONEOS_DEPLOYMENT_TARGET = 15.2;
				MTL_ENABLE_DEBUG_INFO = INCLUDE_SOURCE;
				MTL_FAST_MATH = YES;
				ONLY_ACTIVE_ARCH = YES;
				SDKROOT = iphoneos;
				SWIFT_ACTIVE_COMPILATION_CONDITIONS = DEBUG;
				SWIFT_OPTIMIZATION_LEVEL = "-Onone";
			};
			name = Debug;
		};
		7B241A2327AC1D8B00F07F52 /* Release */ = {
			isa = XCBuildConfiguration;
			buildSettings = {
				ALWAYS_SEARCH_USER_PATHS = NO;
				CLANG_ANALYZER_NONNULL = YES;
				CLANG_ANALYZER_NUMBER_OBJECT_CONVERSION = YES_AGGRESSIVE;
				CLANG_CXX_LANGUAGE_STANDARD = "gnu++17";
				CLANG_CXX_LIBRARY = "libc++";
				CLANG_ENABLE_MODULES = YES;
				CLANG_ENABLE_OBJC_ARC = YES;
				CLANG_ENABLE_OBJC_WEAK = YES;
				CLANG_WARN_BLOCK_CAPTURE_AUTORELEASING = YES;
				CLANG_WARN_BOOL_CONVERSION = YES;
				CLANG_WARN_COMMA = YES;
				CLANG_WARN_CONSTANT_CONVERSION = YES;
				CLANG_WARN_DEPRECATED_OBJC_IMPLEMENTATIONS = YES;
				CLANG_WARN_DIRECT_OBJC_ISA_USAGE = YES_ERROR;
				CLANG_WARN_DOCUMENTATION_COMMENTS = YES;
				CLANG_WARN_EMPTY_BODY = YES;
				CLANG_WARN_ENUM_CONVERSION = YES;
				CLANG_WARN_INFINITE_RECURSION = YES;
				CLANG_WARN_INT_CONVERSION = YES;
				CLANG_WARN_NON_LITERAL_NULL_CONVERSION = YES;
				CLANG_WARN_OBJC_IMPLICIT_RETAIN_SELF = YES;
				CLANG_WARN_OBJC_LITERAL_CONVERSION = YES;
				CLANG_WARN_OBJC_ROOT_CLASS = YES_ERROR;
				CLANG_WARN_QUOTED_INCLUDE_IN_FRAMEWORK_HEADER = YES;
				CLANG_WARN_RANGE_LOOP_ANALYSIS = YES;
				CLANG_WARN_STRICT_PROTOTYPES = YES;
				CLANG_WARN_SUSPICIOUS_MOVE = YES;
				CLANG_WARN_UNGUARDED_AVAILABILITY = YES_AGGRESSIVE;
				CLANG_WARN_UNREACHABLE_CODE = YES;
				CLANG_WARN__DUPLICATE_METHOD_MATCH = YES;
				COPY_PHASE_STRIP = NO;
				DEBUG_INFORMATION_FORMAT = "dwarf-with-dsym";
				ENABLE_NS_ASSERTIONS = NO;
				ENABLE_STRICT_OBJC_MSGSEND = YES;
				GCC_C_LANGUAGE_STANDARD = gnu11;
				GCC_NO_COMMON_BLOCKS = YES;
				GCC_WARN_64_TO_32_BIT_CONVERSION = YES;
				GCC_WARN_ABOUT_RETURN_TYPE = YES_ERROR;
				GCC_WARN_UNDECLARED_SELECTOR = YES;
				GCC_WARN_UNINITIALIZED_AUTOS = YES_AGGRESSIVE;
				GCC_WARN_UNUSED_FUNCTION = YES;
				GCC_WARN_UNUSED_VARIABLE = YES;
				IPHONEOS_DEPLOYMENT_TARGET = 15.2;
				MTL_ENABLE_DEBUG_INFO = NO;
				MTL_FAST_MATH = YES;
				SDKROOT = iphoneos;
				SWIFT_COMPILATION_MODE = wholemodule;
				SWIFT_OPTIMIZATION_LEVEL = "-O";
				VALIDATE_PRODUCT = YES;
			};
			name = Release;
		};
		7B241A2527AC1D8B00F07F52 /* Debug */ = {
			isa = XCBuildConfiguration;
			buildSettings = {
				ASSETCATALOG_COMPILER_APPICON_NAME = AppIcon;
				ASSETCATALOG_COMPILER_GLOBAL_ACCENT_COLOR_NAME = AccentColor;
				CODE_SIGN_STYLE = Automatic;
				CURRENT_PROJECT_VERSION = 1;
				DEVELOPMENT_TEAM = J64K7CHM53;
				GENERATE_INFOPLIST_FILE = YES;
				INFOPLIST_FILE = WeatherForecast/SupportingFiles/Info.plist;
				INFOPLIST_KEY_UIApplicationSupportsIndirectInputEvents = YES;
				INFOPLIST_KEY_UILaunchStoryboardName = LaunchScreen;
				INFOPLIST_KEY_UISupportedInterfaceOrientations_iPad = "UIInterfaceOrientationPortrait UIInterfaceOrientationPortraitUpsideDown UIInterfaceOrientationLandscapeLeft UIInterfaceOrientationLandscapeRight";
				INFOPLIST_KEY_UISupportedInterfaceOrientations_iPhone = "UIInterfaceOrientationPortrait UIInterfaceOrientationLandscapeLeft UIInterfaceOrientationLandscapeRight";
				LD_RUNPATH_SEARCH_PATHS = (
					"$(inherited)",
					"@executable_path/Frameworks",
				);
				MARKETING_VERSION = 1.0;
				PRODUCT_BUNDLE_IDENTIFIER = ru.swiftbook.WeatherForecast;
				PRODUCT_NAME = "$(TARGET_NAME)";
				SWIFT_EMIT_LOC_STRINGS = YES;
				SWIFT_VERSION = 5.0;
				TARGETED_DEVICE_FAMILY = 1;
			};
			name = Debug;
		};
		7B241A2627AC1D8B00F07F52 /* Release */ = {
			isa = XCBuildConfiguration;
			buildSettings = {
				ASSETCATALOG_COMPILER_APPICON_NAME = AppIcon;
				ASSETCATALOG_COMPILER_GLOBAL_ACCENT_COLOR_NAME = AccentColor;
				CODE_SIGN_STYLE = Automatic;
				CURRENT_PROJECT_VERSION = 1;
				DEVELOPMENT_TEAM = J64K7CHM53;
				GENERATE_INFOPLIST_FILE = YES;
				INFOPLIST_FILE = WeatherForecast/SupportingFiles/Info.plist;
				INFOPLIST_KEY_UIApplicationSupportsIndirectInputEvents = YES;
				INFOPLIST_KEY_UILaunchStoryboardName = LaunchScreen;
				INFOPLIST_KEY_UISupportedInterfaceOrientations_iPad = "UIInterfaceOrientationPortrait UIInterfaceOrientationPortraitUpsideDown UIInterfaceOrientationLandscapeLeft UIInterfaceOrientationLandscapeRight";
				INFOPLIST_KEY_UISupportedInterfaceOrientations_iPhone = "UIInterfaceOrientationPortrait UIInterfaceOrientationLandscapeLeft UIInterfaceOrientationLandscapeRight";
				LD_RUNPATH_SEARCH_PATHS = (
					"$(inherited)",
					"@executable_path/Frameworks",
				);
				MARKETING_VERSION = 1.0;
				PRODUCT_BUNDLE_IDENTIFIER = ru.swiftbook.WeatherForecast;
				PRODUCT_NAME = "$(TARGET_NAME)";
				SWIFT_EMIT_LOC_STRINGS = YES;
				SWIFT_VERSION = 5.0;
				TARGETED_DEVICE_FAMILY = 1;
			};
			name = Release;
		};
/* End XCBuildConfiguration section */

/* Begin XCConfigurationList section */
		7B241A0B27AC1D8800F07F52 /* Build configuration list for PBXProject "WeatherForecast" */ = {
			isa = XCConfigurationList;
			buildConfigurations = (
				7B241A2227AC1D8B00F07F52 /* Debug */,
				7B241A2327AC1D8B00F07F52 /* Release */,
			);
			defaultConfigurationIsVisible = 0;
			defaultConfigurationName = Release;
		};
		7B241A2427AC1D8B00F07F52 /* Build configuration list for PBXNativeTarget "WeatherForecast" */ = {
			isa = XCConfigurationList;
			buildConfigurations = (
				7B241A2527AC1D8B00F07F52 /* Debug */,
				7B241A2627AC1D8B00F07F52 /* Release */,
			);
			defaultConfigurationIsVisible = 0;
			defaultConfigurationName = Release;
		};
/* End XCConfigurationList section */
	};
	rootObject = 7B241A0827AC1D8800F07F52 /* Project object */;
}
